{
  "name": "thor-io.client-vnext",
  "version": "2.0.0",
  "lockfileVersion": 1,
  "requires": true,
  "dependencies": {
    "@types/webrtc": {
      "version": "0.0.26",
      "resolved": "https://registry.npmjs.org/@types/webrtc/-/webrtc-0.0.26.tgz",
      "integrity": "sha512-hTDoPKPYbgcogZA9eqhihPO+HnUs5BNPfnoOyc9bzcuq56eYV28zwJ+3tortPN0uXgmDvNs3f1JaT4oTbtWxqg=="
    }
  }
}
